
Microsoft Visual Studio Solution File, Format Version 12.00
# Visual Studio Version 17
VisualStudioVersion = 17.0.31825.309
MinimumVisualStudioVersion = 10.0.40219.1
Project("{FAE04EC0-301F-11D3-BF4B-00C04F79EFBC}") = "VSSpellChecker2017And2019", "VSSpellChecker2017And2019\VSSpellChecker2017And2019.csproj", "{E6356BF9-4333-446E-BF02-13D09EBFBB3A}"
EndProject
Project("{FAE04EC0-301F-11D3-BF4B-00C04F79EFBC}") = "VSSpellCheckerDefinitions2017And2019", "VSSpellCheckerDefinitions2017And2019\VSSpellCheckerDefinitions2017And2019.csproj", "{A9303943-D23D-4570-9792-56667F0DD928}"
EndProject
Project("{2150E333-8FDC-42A3-9474-1A3956D46DE8}") = ".nuget", ".nuget", "{4FBCC3D4-AABB-4961-9208-04730F7F567A}"
	ProjectSection(SolutionItems) = preProject
		.nuget\NuGet.Config = .nuget\NuGet.Config
	EndProjectSection
EndProject
Project("{2150E333-8FDC-42A3-9474-1A3956D46DE8}") = "Solution Items", "Solution Items", "{5DDF48B2-3B28-4DA1-9482-D7E2F11D769A}"
	ProjectSection(SolutionItems) = preProject
		.editorconfig = .editorconfig
		VSSpellChecker.sln.vsspell = VSSpellChecker.sln.vsspell
	EndProjectSection
EndProject
Project("{FAE04EC0-301F-11D3-BF4B-00C04F79EFBC}") = "VSSpellCheckerDefinitions2022AndLater", "VSSpellCheckerDefinitions2022AndLater\VSSpellCheckerDefinitions2022AndLater.csproj", "{B1A99B3A-6BE9-430E-91A8-F4C5C7BD6840}"
EndProject
Project("{D954291E-2A0B-460D-934E-DC6B0785DB48}") = "VSSpellCheckerDefinitionsShared", "VSSpellCheckerDefinitionsShared\VSSpellCheckerDefinitionsShared.shproj", "{BAB2BF3E-0516-47CF-9DC5-EDD9E9A03D90}"
EndProject
Project("{D954291E-2A0B-460D-934E-DC6B0785DB48}") = "VSSpellCheckerShared", "VSSpellCheckerShared\VSSpellCheckerShared.shproj", "{3674333F-E963-461D-B118-889BF3F13AED}"
EndProject
Project("{FAE04EC0-301F-11D3-BF4B-00C04F79EFBC}") = "VSSpellChecker2022AndLater", "VSSpellChecker2022AndLater\VSSpellChecker2022AndLater.csproj", "{3201406B-0114-4C8A-A64A-632D546517B8}"
	ProjectSection(ProjectDependencies) = postProject
		{B1A99B3A-6BE9-430E-91A8-F4C5C7BD6840} = {B1A99B3A-6BE9-430E-91A8-F4C5C7BD6840}
	EndProjectSection
EndProject
Global
	GlobalSection(SharedMSBuildProjectFiles) = preSolution
		VSSpellCheckerShared\VSSpellCheckerShared.projitems*{3201406b-0114-4c8a-a64a-632d546517b8}*SharedItemsImports = 4
		VSSpellCheckerShared\VSSpellCheckerShared.projitems*{3674333f-e963-461d-b118-889bf3f13aed}*SharedItemsImports = 13
		VSSpellCheckerDefinitionsShared\VSSpellCheckerDefinitionsShared.projitems*{a9303943-d23d-4570-9792-56667f0dd928}*SharedItemsImports = 4
		VSSpellCheckerDefinitionsShared\VSSpellCheckerDefinitionsShared.projitems*{b1a99b3a-6be9-430e-91a8-f4c5c7bd6840}*SharedItemsImports = 4
		VSSpellCheckerDefinitionsShared\VSSpellCheckerDefinitionsShared.projitems*{bab2bf3e-0516-47cf-9dc5-edd9e9a03d90}*SharedItemsImports = 13
		VSSpellCheckerShared\VSSpellCheckerShared.projitems*{e6356bf9-4333-446e-bf02-13d09ebfbb3a}*SharedItemsImports = 4
	EndGlobalSection
	GlobalSection(SolutionConfigurationPlatforms) = preSolution
		Debug2019|Any CPU = Debug2019|Any CPU
		Debug2022|Any CPU = Debug2022|Any CPU
		Release|Any CPU = Release|Any CPU
	EndGlobalSection
	GlobalSection(ProjectConfigurationPlatforms) = postSolution
		{E6356BF9-4333-446E-BF02-13D09EBFBB3A}.Debug2019|Any CPU.ActiveCfg = Debug2019|Any CPU
		{E6356BF9-4333-446E-BF02-13D09EBFBB3A}.Debug2019|Any CPU.Build.0 = Debug2019|Any CPU
		{E6356BF9-4333-446E-BF02-13D09EBFBB3A}.Debug2022|Any CPU.ActiveCfg = Debug2022|Any CPU
		{E6356BF9-4333-446E-BF02-13D09EBFBB3A}.Debug2022|Any CPU.Build.0 = Debug2022|Any CPU
		{E6356BF9-4333-446E-BF02-13D09EBFBB3A}.Release|Any CPU.ActiveCfg = Release|Any CPU
		{E6356BF9-4333-446E-BF02-13D09EBFBB3A}.Release|Any CPU.Build.0 = Release|Any CPU
		{A9303943-D23D-4570-9792-56667F0DD928}.Debug2019|Any CPU.ActiveCfg = Debug2019|Any CPU
		{A9303943-D23D-4570-9792-56667F0DD928}.Debug2019|Any CPU.Build.0 = Debug2019|Any CPU
		{A9303943-D23D-4570-9792-56667F0DD928}.Debug2022|Any CPU.ActiveCfg = Debug2022|Any CPU
		{A9303943-D23D-4570-9792-56667F0DD928}.Debug2022|Any CPU.Build.0 = Debug2022|Any CPU
		{A9303943-D23D-4570-9792-56667F0DD928}.Release|Any CPU.ActiveCfg = Release|Any CPU
		{A9303943-D23D-4570-9792-56667F0DD928}.Release|Any CPU.Build.0 = Release|Any CPU
		{B1A99B3A-6BE9-430E-91A8-F4C5C7BD6840}.Debug2019|Any CPU.ActiveCfg = Debug2019|Any CPU
		{B1A99B3A-6BE9-430E-91A8-F4C5C7BD6840}.Debug2019|Any CPU.Build.0 = Debug2019|Any CPU
		{B1A99B3A-6BE9-430E-91A8-F4C5C7BD6840}.Debug2022|Any CPU.ActiveCfg = Debug2022|Any CPU
		{B1A99B3A-6BE9-430E-91A8-F4C5C7BD6840}.Debug2022|Any CPU.Build.0 = Debug2022|Any CPU
		{B1A99B3A-6BE9-430E-91A8-F4C5C7BD6840}.Release|Any CPU.ActiveCfg = Release|Any CPU
		{B1A99B3A-6BE9-430E-91A8-F4C5C7BD6840}.Release|Any CPU.Build.0 = Release|Any CPU
		{3201406B-0114-4C8A-A64A-632D546517B8}.Debug2019|Any CPU.ActiveCfg = Debug2019|Any CPU
		{3201406B-0114-4C8A-A64A-632D546517B8}.Debug2019|Any CPU.Build.0 = Debug2019|Any CPU
		{3201406B-0114-4C8A-A64A-632D546517B8}.Debug2022|Any CPU.ActiveCfg = Debug2022|Any CPU
		{3201406B-0114-4C8A-A64A-632D546517B8}.Debug2022|Any CPU.Build.0 = Debug2022|Any CPU
		{3201406B-0114-4C8A-A64A-632D546517B8}.Release|Any CPU.ActiveCfg = Release|Any CPU
		{3201406B-0114-4C8A-A64A-632D546517B8}.Release|Any CPU.Build.0 = Release|Any CPU
	EndGlobalSection
	GlobalSection(SolutionProperties) = preSolution
		HideSolutionNode = FALSE
	EndGlobalSection
	GlobalSection(ExtensibilityGlobals) = postSolution
		SolutionGuid = {CE46EE70-19DC-4E5A-92BA-C3E033CDB29A}
	EndGlobalSection
EndGlobal
